// !$*UTF8*$!
{
	archiveVersion = 1;
	classes = {
	};
	objectVersion = 46;
	objects = {

/* Begin PBXBuildFile section */
		A700BB641EE07C1E003254B0 /* AppDelegate.swift in Sources */ = {isa = PBXBuildFile; fileRef = A700BB631EE07C1E003254B0 /* AppDelegate.swift */; };
		A700BB661EE07C1E003254B0 /* ViewController.swift in Sources */ = {isa = PBXBuildFile; fileRef = A700BB651EE07C1E003254B0 /* ViewController.swift */; };
		A700BB691EE07C1E003254B0 /* Main.storyboard in Resources */ = {isa = PBXBuildFile; fileRef = A700BB671EE07C1E003254B0 /* Main.storyboard */; };
		A700BB6C1EE07C1E003254B0 /* TheManna.xcdatamodeld in Sources */ = {isa = PBXBuildFile; fileRef = A700BB6A1EE07C1E003254B0 /* TheManna.xcdatamodeld */; };
		A700BB6E1EE07C1E003254B0 /* Assets.xcassets in Resources */ = {isa = PBXBuildFile; fileRef = A700BB6D1EE07C1E003254B0 /* Assets.xcassets */; };
		A700BB711EE07C1E003254B0 /* LaunchScreen.storyboard in Resources */ = {isa = PBXBuildFile; fileRef = A700BB6F1EE07C1E003254B0 /* LaunchScreen.storyboard */; };
/* End PBXBuildFile section */

/* Begin PBXFileReference section */
		A700BB601EE07C1E003254B0 /* TheManna.app */ = {isa = PBXFileReference; explicitFileType = wrapper.application; includeInIndex = 0; path = TheManna.app; sourceTree = BUILT_PRODUCTS_DIR; };
		A700BB631EE07C1E003254B0 /* AppDelegate.swift */ = {isa = PBXFileReference; lastKnownFileType = sourcecode.swift; path = AppDelegate.swift; sourceTree = "<group>"; };
		A700BB651EE07C1E003254B0 /* ViewController.swift */ = {isa = PBXFileReference; lastKnownFileType = sourcecode.swift; path = ViewController.swift; sourceTree = "<group>"; };
		A700BB681EE07C1E003254B0 /* Base */ = {isa = PBXFileReference; lastKnownFileType = file.storyboard; name = Base; path = Base.lproj/Main.storyboard; sourceTree = "<group>"; };
		A700BB6B1EE07C1E003254B0 /* TheManna.xcdatamodel */ = {isa = PBXFileReference; lastKnownFileType = wrapper.xcdatamodel; path = TheManna.xcdatamodel; sourceTree = "<group>"; };
		A700BB6D1EE07C1E003254B0 /* Assets.xcassets */ = {isa = PBXFileReference; lastKnownFileType = folder.assetcatalog; path = Assets.xcassets; sourceTree = "<group>"; };
		A700BB701EE07C1E003254B0 /* Base */ = {isa = PBXFileReference; lastKnownFileType = file.storyboard; name = Base; path = Base.lproj/LaunchScreen.storyboard; sourceTree = "<group>"; };
		A700BB721EE07C1E003254B0 /* Info.plist */ = {isa = PBXFileReference; lastKnownFileType = text.plist.xml; path = Info.plist; sourceTree = "<group>"; };
/* End PBXFileReference section */

/* Begin PBXFrameworksBuildPhase section */
		A700BB5D1EE07C1E003254B0 /* Frameworks */ = {
			isa = PBXFrameworksBuildPhase;
			buildActionMask = 2147483647;
			files = (
			);
			runOnlyForDeploymentPostprocessing = 0;
		};
/* End PBXFrameworksBuildPhase section */

/* Begin PBXGroup section */
		A700BB571EE07C1E003254B0 = {
			isa = PBXGroup;
			children = (
				A700BB621EE07C1E003254B0 /* TheManna */,
				A700BB611EE07C1E003254B0 /* Products */,
			);
			sourceTree = "<group>";
		};
		A700BB611EE07C1E003254B0 /* Products */ = {
			isa = PBXGroup;
			children = (
				A700BB601EE07C1E003254B0 /* TheManna.app */,
			);
			name = Products;
			sourceTree = "<group>";
		};
		A700BB621EE07C1E003254B0 /* TheManna */ = {
			isa = PBXGroup;
			children = (
				A700BB631EE07C1E003254B0 /* AppDelegate.swift */,
				A700BB651EE07C1E003254B0 /* ViewController.swift */,
				A700BB671EE07C1E003254B0 /* Main.storyboard */,
				A700BB6D1EE07C1E003254B0 /* Assets.xcassets */,
				A700BB6F1EE07C1E003254B0 /* LaunchScreen.storyboard */,
				A700BB721EE07C1E003254B0 /* Info.plist */,
				A700BB6A1EE07C1E003254B0 /* TheManna.xcdatamodeld */,
			);
			path = TheManna;
			sourceTree = "<group>";
		};
/* End PBXGroup section */

/* Begin PBXNativeTarget section */
		A700BB5F1EE07C1E003254B0 /* TheManna */ = {
			isa = PBXNativeTarget;
			buildConfigurationList = A700BB751EE07C1E003254B0 /* Build configuration list for PBXNativeTarget "TheManna" */;
			buildPhases = (
				A700BB5C1EE07C1E003254B0 /* Sources */,
				A700BB5D1EE07C1E003254B0 /* Frameworks */,
				A700BB5E1EE07C1E003254B0 /* Resources */,
			);
			buildRules = (
			);
			dependencies = (
			);
			name = TheManna;
			productName = TheManna;
			productReference = A700BB601EE07C1E003254B0 /* TheManna.app */;
			productType = "com.apple.product-type.application";
		};
/* End PBXNativeTarget section */

/* Begin PBXProject section */
		A700BB581EE07C1E003254B0 /* Project object */ = {
			isa = PBXProject;
			attributes = {
				LastSwiftUpdateCheck = 0830;
				LastUpgradeCheck = 0830;
				ORGANIZATIONNAME = "Sean Zhang";
				TargetAttributes = {
					A700BB5F1EE07C1E003254B0 = {
						CreatedOnToolsVersion = 8.3.2;
						DevelopmentTeam = GDTG5SQZRN;
						ProvisioningStyle = Automatic;
					};
				};
			};
			buildConfigurationList = A700BB5B1EE07C1E003254B0 /* Build configuration list for PBXProject "TheManna" */;
			compatibilityVersion = "Xcode 3.2";
			developmentRegion = English;
			hasScannedForEncodings = 0;
			knownRegions = (
				en,
				Base,
			);
			mainGroup = A700BB571EE07C1E003254B0;
			productRefGroup = A700BB611EE07C1E003254B0 /* Products */;
			projectDirPath = "";
			projectRoot = "";
			targets = (
				A700BB5F1EE07C1E003254B0 /* TheManna */,
			);
		};
/* End PBXProject section */

/* Begin PBXResourcesBuildPhase section */
		A700BB5E1EE07C1E003254B0 /* Resources */ = {
			isa = PBXResourcesBuildPhase;
			buildActionMask = 2147483647;
			files = (
				A700BB711EE07C1E003254B0 /* LaunchScreen.storyboard in Resources */,
				A700BB6E1EE07C1E003254B0 /* Assets.xcassets in Resources */,
				A700BB691EE07C1E003254B0 /* Main.storyboard in Resources */,
			);
			runOnlyForDeploymentPostprocessing = 0;
		};
/* End PBXResourcesBuildPhase section */

/* Begin PBXSourcesBuildPhase section */
		A700BB5C1EE07C1E003254B0 /* Sources */ = {
			isa = PBXSourcesBuildPhase;
			buildActionMask = 2147483647;
			files = (
				A700BB6C1EE07C1E003254B0 /* TheManna.xcdatamodeld in Sources */,
				A700BB661EE07C1E003254B0 /* ViewController.swift in Sources */,
				A700BB641EE07C1E003254B0 /* AppDelegate.swift in Sources */,
			);
			runOnlyForDeploymentPostprocessing = 0;
		};
/* End PBXSourcesBuildPhase section */

/* Begin PBXVariantGroup section */
		A700BB671EE07C1E003254B0 /* Main.storyboard */ = {
			isa = PBXVariantGroup;
			children = (
				A700BB681EE07C1E003254B0 /* Base */,
			);
			name = Main.storyboard;
			sourceTree = "<group>";
		};
		A700BB6F1EE07C1E003254B0 /* LaunchScreen.storyboard */ = {
			isa = PBXVariantGroup;
			children = (
				A700BB701EE07C1E003254B0 /* Base */,
			);
			name = LaunchScreen.storyboard;
			sourceTree = "<group>";
		};
/* End PBXVariantGroup section */

/* Begin XCBuildConfiguration section */
		A700BB731EE07C1E003254B0 /* Debug */ = {
			isa = XCBuildConfiguration;
			buildSettings = {
				ALWAYS_SEARCH_USER_PATHS = NO;
				CLANG_ANALYZER_NONNULL = YES;
				CLANG_ANALYZER_NUMBER_OBJECT_CONVERSION = YES_AGGRESSIVE;
				CLANG_CXX_LANGUAGE_STANDARD = "gnu++0x";
				CLANG_CXX_LIBRARY = "libc++";
				CLANG_ENABLE_MODULES = YES;
				CLANG_ENABLE_OBJC_ARC = YES;
				CLANG_WARN_BOOL_CONVERSION = YES;
				CLANG_WARN_CONSTANT_CONVERSION = YES;
				CLANG_WARN_DIRECT_OBJC_ISA_USAGE = YES_ERROR;
				CLANG_WARN_DOCUMENTATION_COMMENTS = YES;
				CLANG_WARN_EMPTY_BODY = YES;
				CLANG_WARN_ENUM_CONVERSION = YES;
				CLANG_WARN_INFINITE_RECURSION = YES;
				CLANG_WARN_INT_CONVERSION = YES;
				CLANG_WARN_OBJC_ROOT_CLASS = YES_ERROR;
				CLANG_WARN_SUSPICIOUS_MOVE = YES;
				CLANG_WARN_UNREACHABLE_CODE = YES;
				CLANG_WARN__DUPLICATE_METHOD_MATCH = YES;
				"CODE_SIGN_IDENTITY[sdk=iphoneos*]" = "iPhone Developer";
				COPY_PHASE_STRIP = NO;
				DEBUG_INFORMATION_FORMAT = dwarf;
				ENABLE_STRICT_OBJC_MSGSEND = YES;
				ENABLE_TESTABILITY = YES;
				GCC_C_LANGUAGE_STANDARD = gnu99;
				GCC_DYNAMIC_NO_PIC = NO;
				GCC_NO_COMMON_BLOCKS = YES;
				GCC_OPTIMIZATION_LEVEL = 0;
				GCC_PREPROCESSOR_DEFINITIONS = (
					"DEBUG=1",
					"$(inherited)",
				);
				GCC_WARN_64_TO_32_BIT_CONVERSION = YES;
				GCC_WARN_ABOUT_RETURN_TYPE = YES_ERROR;
				GCC_WARN_UNDECLARED_SELECTOR = YES;
				GCC_WARN_UNINITIALIZED_AUTOS = YES_AGGRESSIVE;
				GCC_WARN_UNUSED_FUNCTION = YES;
				GCC_WARN_UNUSED_VARIABLE = YES;
				IPHONEOS_DEPLOYMENT_TARGET = 10.3;
				MTL_ENABLE_DEBUG_INFO = YES;
				ONLY_ACTIVE_ARCH = YES;
				SDKROOT = iphoneos;
				SWIFT_ACTIVE_COMPILATION_CONDITIONS = DEBUG;
				SWIFT_OPTIMIZATION_LEVEL = "-Onone";
			};
			name = Debug;
		};
		A700BB741EE07C1E003254B0 /* Release */ = {
			isa = XCBuildConfiguration;
			buildSettings = {
				ALWAYS_SEARCH_USER_PATHS = NO;
				CLANG_ANALYZER_NONNULL = YES;
				CLANG_ANALYZER_NUMBER_OBJECT_CONVERSION = YES_AGGRESSIVE;
				CLANG_CXX_LANGUAGE_STANDARD = "gnu++0x";
				CLANG_CXX_LIBRARY = "libc++";
				CLANG_ENABLE_MODULES = YES;
				CLANG_ENABLE_OBJC_ARC = YES;
				CLANG_WARN_BOOL_CONVERSION = YES;
				CLANG_WARN_CONSTANT_CONVERSION = YES;
				CLANG_WARN_DIRECT_OBJC_ISA_USAGE = YES_ERROR;
				CLANG_WARN_DOCUMENTATION_COMMENTS = YES;
				CLANG_WARN_EMPTY_BODY = YES;
				CLANG_WARN_ENUM_CONVERSION = YES;
				CLANG_WARN_INFINITE_RECURSION = YES;
				CLANG_WARN_INT_CONVERSION = YES;
				CLANG_WARN_OBJC_ROOT_CLASS = YES_ERROR;
				CLANG_WARN_SUSPICIOUS_MOVE = YES;
				CLANG_WARN_UNREACHABLE_CODE = YES;
				CLANG_WARN__DUPLICATE_METHOD_MATCH = YES;
				"CODE_SIGN_IDENTITY[sdk=iphoneos*]" = "iPhone Developer";
				COPY_PHASE_STRIP = NO;
				DEBUG_INFORMATION_FORMAT = "dwarf-with-dsym";
				ENABLE_NS_ASSERTIONS = NO;
				ENABLE_STRICT_OBJC_MSGSEND = YES;
				GCC_C_LANGUAGE_STANDARD = gnu99;
				GCC_NO_COMMON_BLOCKS = YES;
				GCC_WARN_64_TO_32_BIT_CONVERSION = YES;
				GCC_WARN_ABOUT_RETURN_TYPE = YES_ERROR;
				GCC_WARN_UNDECLARED_SELECTOR = YES;
				GCC_WARN_UNINITIALIZED_AUTOS = YES_AGGRESSIVE;
				GCC_WARN_UNUSED_FUNCTION = YES;
				GCC_WARN_UNUSED_VARIABLE = YES;
				IPHONEOS_DEPLOYMENT_TARGET = 10.3;
				MTL_ENABLE_DEBUG_INFO = NO;
				SDKROOT = iphoneos;
				SWIFT_OPTIMIZATION_LEVEL = "-Owholemodule";
				VALIDATE_PRODUCT = YES;
			};
			name = Release;
		};
		A700BB761EE07C1E003254B0 /* Debug */ = {
			isa = XCBuildConfiguration;
			buildSettings = {
				ASSETCATALOG_COMPILER_APPICON_NAME = AppIcon;
				DEVELOPMENT_TEAM = GDTG5SQZRN;
				INFOPLIST_FILE = TheManna/Info.plist;
				LD_RUNPATH_SEARCH_PATHS = "$(inherited) @executable_path/Frameworks";
				PRODUCT_BUNDLE_IDENTIFIER = sz7218.TheManna;
				PRODUCT_NAME = "$(TARGET_NAME)";
				SWIFT_VERSION = 3.0;
			};
			name = Debug;
		};
		A700BB771EE07C1E003254B0 /* Release */ = {
			isa = XCBuildConfiguration;
			buildSettings = {
				ASSETCATALOG_COMPILER_APPICON_NAME = AppIcon;
				DEVELOPMENT_TEAM = GDTG5SQZRN;
				INFOPLIST_FILE = TheManna/Info.plist;
				LD_RUNPATH_SEARCH_PATHS = "$(inherited) @executable_path/Frameworks";
				PRODUCT_BUNDLE_IDENTIFIER = sz7218.TheManna;
				PRODUCT_NAME = "$(TARGET_NAME)";
				SWIFT_VERSION = 3.0;
			};
			name = Release;
		};
/* End XCBuildConfiguration section */

/* Begin XCConfigurationList section */
		A700BB5B1EE07C1E003254B0 /* Build configuration list for PBXProject "TheManna" */ = {
			isa = XCConfigurationList;
			buildConfigurations = (
				A700BB731EE07C1E003254B0 /* Debug */,
				A700BB741EE07C1E003254B0 /* Release */,
			);
			defaultConfigurationIsVisible = 0;
			defaultConfigurationName = Release;
		};
		A700BB751EE07C1E003254B0 /* Build configuration list for PBXNativeTarget "TheManna" */ = {
			isa = XCConfigurationList;
			buildConfigurations = (
				A700BB761EE07C1E003254B0 /* Debug */,
				A700BB771EE07C1E003254B0 /* Release */,
			);
			defaultConfigurationIsVisible = 0;
		};
/* End XCConfigurationList section */

/* Begin XCVersionGroup section */
		A700BB6A1EE07C1E003254B0 /* TheManna.xcdatamodeld */ = {
			isa = XCVersionGroup;
			children = (
				A700BB6B1EE07C1E003254B0 /* TheManna.xcdatamodel */,
			);
			currentVersion = A700BB6B1EE07C1E003254B0 /* TheManna.xcdatamodel */;
			path = TheManna.xcdatamodeld;
			sourceTree = "<group>";
			versionGroupType = wrapper.xcdatamodel;
		};
/* End XCVersionGroup section */
	};
	rootObject = A700BB581EE07C1E003254B0 /* Project object */;
}
