// !$*UTF8*$!
{
	archiveVersion = 1;
	classes = {
	};
	objectVersion = 46;
	objects = {

/* Begin PBXBuildFile section */
		A700BB641EE07C1E003254B0 /* AppDelegate.swift in Sources */ = {isa = PBXBuildFile; fileRef = A700BB631EE07C1E003254B0 /* AppDelegate.swift */; };
		A700BB6C1EE07C1E003254B0 /* TheManna.xcdatamodeld in Sources */ = {isa = PBXBuildFile; fileRef = A700BB6A1EE07C1E003254B0 /* TheManna.xcdatamodeld */; };
		A700BB711EE07C1E003254B0 /* LaunchScreen.storyboard in Resources */ = {isa = PBXBuildFile; fileRef = A700BB6F1EE07C1E003254B0 /* LaunchScreen.storyboard */; };
		A700BB791EE0809C003254B0 /* RootViewController.swift in Sources */ = {isa = PBXBuildFile; fileRef = A700BB781EE0809C003254B0 /* RootViewController.swift */; };
		A700BB7B1EE0E7FA003254B0 /* HomeDatasourceController.swift in Sources */ = {isa = PBXBuildFile; fileRef = A700BB7A1EE0E7FA003254B0 /* HomeDatasourceController.swift */; };
		A700BB801EE0F2FA003254B0 /* UserHeaderFooter.swift in Sources */ = {isa = PBXBuildFile; fileRef = A700BB7F1EE0F2FA003254B0 /* UserHeaderFooter.swift */; };
		A700BB821EE0F318003254B0 /* HomeDatasource.swift in Sources */ = {isa = PBXBuildFile; fileRef = A700BB811EE0F318003254B0 /* HomeDatasource.swift */; };
		A700BB841EE35871003254B0 /* User.swift in Sources */ = {isa = PBXBuildFile; fileRef = A700BB831EE35871003254B0 /* User.swift */; };
		A700BB861EE361D9003254B0 /* UserCell.swift in Sources */ = {isa = PBXBuildFile; fileRef = A700BB851EE361D9003254B0 /* UserCell.swift */; };
		A700BB881EE43AFC003254B0 /* Assets.xcassets in Resources */ = {isa = PBXBuildFile; fileRef = A700BB871EE43AFC003254B0 /* Assets.xcassets */; };
		A700BB8A1EE43FF2003254B0 /* HomeDatasourceController+navbar.swift in Sources */ = {isa = PBXBuildFile; fileRef = A700BB891EE43FF2003254B0 /* HomeDatasourceController+navbar.swift */; };
		A700BB901EEB97B4003254B0 /* TweetCell.swift in Sources */ = {isa = PBXBuildFile; fileRef = A700BB8F1EEB97B4003254B0 /* TweetCell.swift */; };
		A700BB921EEC0FF4003254B0 /* Tweet.swift in Sources */ = {isa = PBXBuildFile; fileRef = A700BB911EEC0FF4003254B0 /* Tweet.swift */; };
		A700BB991EED6CAF003254B0 /* AudioToolbox.framework in Frameworks */ = {isa = PBXBuildFile; fileRef = A700BB981EED6CAF003254B0 /* AudioToolbox.framework */; };
		A700BB9B1EED6CC0003254B0 /* libsqlite3.tbd in Frameworks */ = {isa = PBXBuildFile; fileRef = A700BB9A1EED6CC0003254B0 /* libsqlite3.tbd */; };
		A700BB9D1EED6CCB003254B0 /* libz.tbd in Frameworks */ = {isa = PBXBuildFile; fileRef = A700BB9C1EED6CCB003254B0 /* libz.tbd */; };
		A700BB9F1EED6CD4003254B0 /* SystemConfiguration.framework in Frameworks */ = {isa = PBXBuildFile; fileRef = A700BB9E1EED6CD4003254B0 /* SystemConfiguration.framework */; };
		A700BBA11EED6CDC003254B0 /* StoreKit.framework in Frameworks */ = {isa = PBXBuildFile; fileRef = A700BBA01EED6CDC003254B0 /* StoreKit.framework */; };
		A700BBA31EED6CE3003254B0 /* Security.framework in Frameworks */ = {isa = PBXBuildFile; fileRef = A700BBA21EED6CE3003254B0 /* Security.framework */; };
		A700BBA51EED6CEC003254B0 /* QuartzCore.framework in Frameworks */ = {isa = PBXBuildFile; fileRef = A700BBA41EED6CEC003254B0 /* QuartzCore.framework */; };
		A700BBA71EED6CF3003254B0 /* CoreLocation.framework in Frameworks */ = {isa = PBXBuildFile; fileRef = A700BBA61EED6CF3003254B0 /* CoreLocation.framework */; };
		A700BBA91EED6CFA003254B0 /* CoreGraphics.framework in Frameworks */ = {isa = PBXBuildFile; fileRef = A700BBA81EED6CFA003254B0 /* CoreGraphics.framework */; };
		A700BBAB1EED6D02003254B0 /* CFNetwork.framework in Frameworks */ = {isa = PBXBuildFile; fileRef = A700BBAA1EED6D02003254B0 /* CFNetwork.framework */; };
		A70881401EF6BC8200DCA947 /* SignInViewController.swift in Sources */ = {isa = PBXBuildFile; fileRef = A708813F1EF6BC8200DCA947 /* SignInViewController.swift */; };
		A70881421EF6BF3300DCA947 /* SignUpViewController.swift in Sources */ = {isa = PBXBuildFile; fileRef = A70881411EF6BF3300DCA947 /* SignUpViewController.swift */; };
		A70881441EF6BF7600DCA947 /* ConfirmSignUpViewController.swift in Sources */ = {isa = PBXBuildFile; fileRef = A70881431EF6BF7600DCA947 /* ConfirmSignUpViewController.swift */; };
		A70881461EF6BF8C00DCA947 /* Constants.swift in Sources */ = {isa = PBXBuildFile; fileRef = A70881451EF6BF8C00DCA947 /* Constants.swift */; };
		A70881481EFB5CFD00DCA947 /* DDBDynamoDBManger.swift in Sources */ = {isa = PBXBuildFile; fileRef = A70881471EFB5CFD00DCA947 /* DDBDynamoDBManger.swift */; };
		A708814A1EFB5F0300DCA947 /* DDBMainTableViewController.swift in Sources */ = {isa = PBXBuildFile; fileRef = A70881491EFB5F0300DCA947 /* DDBMainTableViewController.swift */; };
		A708814C1EFC5CCB00DCA947 /* DDBTableRow.swift in Sources */ = {isa = PBXBuildFile; fileRef = A708814B1EFC5CCB00DCA947 /* DDBTableRow.swift */; };
		A70881511EFD4E0700DCA947 /* IdentityProvider.swift in Sources */ = {isa = PBXBuildFile; fileRef = A70881501EFD4E0700DCA947 /* IdentityProvider.swift */; };
		A70881531EFE7E9700DCA947 /* DDBLoadingViewController.swift in Sources */ = {isa = PBXBuildFile; fileRef = A70881521EFE7E9700DCA947 /* DDBLoadingViewController.swift */; };
		A70881AC1F05CB8D00DCA947 /* Service.swift in Sources */ = {isa = PBXBuildFile; fileRef = A70881AB1F05CB8D00DCA947 /* Service.swift */; };
		A75DCAD91F19B64200ADE866 /* Prayer.swift in Sources */ = {isa = PBXBuildFile; fileRef = A75DCAD81F19B64200ADE866 /* Prayer.swift */; };
		A76CE9D01F0A95F8001E58B8 /* MFAViewController.swift in Sources */ = {isa = PBXBuildFile; fileRef = A76CE9CF1F0A95F8001E58B8 /* MFAViewController.swift */; };
		A76CE9D21F0A9625001E58B8 /* ForgotPasswordViewController.swift in Sources */ = {isa = PBXBuildFile; fileRef = A76CE9D11F0A9625001E58B8 /* ForgotPasswordViewController.swift */; };
		A76CE9D41F0A963C001E58B8 /* ConfirmForgotPasswordViewController.swift in Sources */ = {isa = PBXBuildFile; fileRef = A76CE9D31F0A963C001E58B8 /* ConfirmForgotPasswordViewController.swift */; };
		A76CE9D61F0BD16B001E58B8 /* DDBDetailViewController.swift in Sources */ = {isa = PBXBuildFile; fileRef = A76CE9D51F0BD16B001E58B8 /* DDBDetailViewController.swift */; };
		A76CE9D81F117F7B001E58B8 /* DBMainTableCell.swift in Sources */ = {isa = PBXBuildFile; fileRef = A76CE9D71F117F7B001E58B8 /* DBMainTableCell.swift */; };
		A76CE9DA1F1435D5001E58B8 /* PrayerViewController.swift in Sources */ = {isa = PBXBuildFile; fileRef = A76CE9D91F1435D5001E58B8 /* PrayerViewController.swift */; };
		B0C838FA7C132831524DF2D4 /* Pods_TheManna.framework in Frameworks */ = {isa = PBXBuildFile; fileRef = E75D2BDF06C3E4027262302A /* Pods_TheManna.framework */; };
/* End PBXBuildFile section */

/* Begin PBXFileReference section */
		546ED8650F887C3615ED77EB /* Pods-TheManna.debug.xcconfig */ = {isa = PBXFileReference; includeInIndex = 1; lastKnownFileType = text.xcconfig; name = "Pods-TheManna.debug.xcconfig"; path = "Pods/Target Support Files/Pods-TheManna/Pods-TheManna.debug.xcconfig"; sourceTree = "<group>"; };
		A6E4C0BE4F3019CA8410AC88 /* Pods-TheManna.release.xcconfig */ = {isa = PBXFileReference; includeInIndex = 1; lastKnownFileType = text.xcconfig; name = "Pods-TheManna.release.xcconfig"; path = "Pods/Target Support Files/Pods-TheManna/Pods-TheManna.release.xcconfig"; sourceTree = "<group>"; };
		A700BB601EE07C1E003254B0 /* TheManna.app */ = {isa = PBXFileReference; explicitFileType = wrapper.application; includeInIndex = 0; path = TheManna.app; sourceTree = BUILT_PRODUCTS_DIR; };
		A700BB631EE07C1E003254B0 /* AppDelegate.swift */ = {isa = PBXFileReference; lastKnownFileType = sourcecode.swift; path = AppDelegate.swift; sourceTree = "<group>"; };
		A700BB6B1EE07C1E003254B0 /* TheManna.xcdatamodel */ = {isa = PBXFileReference; lastKnownFileType = wrapper.xcdatamodel; path = TheManna.xcdatamodel; sourceTree = "<group>"; };
		A700BB701EE07C1E003254B0 /* Base */ = {isa = PBXFileReference; lastKnownFileType = file.storyboard; name = Base; path = Base.lproj/LaunchScreen.storyboard; sourceTree = "<group>"; };
		A700BB721EE07C1E003254B0 /* Info.plist */ = {isa = PBXFileReference; lastKnownFileType = text.plist.xml; path = Info.plist; sourceTree = "<group>"; };
		A700BB781EE0809C003254B0 /* RootViewController.swift */ = {isa = PBXFileReference; fileEncoding = 4; lastKnownFileType = sourcecode.swift; path = RootViewController.swift; sourceTree = "<group>"; };
		A700BB7A1EE0E7FA003254B0 /* HomeDatasourceController.swift */ = {isa = PBXFileReference; fileEncoding = 4; lastKnownFileType = sourcecode.swift; path = HomeDatasourceController.swift; sourceTree = "<group>"; };
		A700BB7F1EE0F2FA003254B0 /* UserHeaderFooter.swift */ = {isa = PBXFileReference; fileEncoding = 4; lastKnownFileType = sourcecode.swift; path = UserHeaderFooter.swift; sourceTree = "<group>"; };
		A700BB811EE0F318003254B0 /* HomeDatasource.swift */ = {isa = PBXFileReference; fileEncoding = 4; lastKnownFileType = sourcecode.swift; path = HomeDatasource.swift; sourceTree = "<group>"; };
		A700BB831EE35871003254B0 /* User.swift */ = {isa = PBXFileReference; fileEncoding = 4; lastKnownFileType = sourcecode.swift; path = User.swift; sourceTree = "<group>"; };
		A700BB851EE361D9003254B0 /* UserCell.swift */ = {isa = PBXFileReference; fileEncoding = 4; lastKnownFileType = sourcecode.swift; path = UserCell.swift; sourceTree = "<group>"; };
		A700BB871EE43AFC003254B0 /* Assets.xcassets */ = {isa = PBXFileReference; lastKnownFileType = folder.assetcatalog; path = Assets.xcassets; sourceTree = "<group>"; };
		A700BB891EE43FF2003254B0 /* HomeDatasourceController+navbar.swift */ = {isa = PBXFileReference; fileEncoding = 4; lastKnownFileType = sourcecode.swift; path = "HomeDatasourceController+navbar.swift"; sourceTree = "<group>"; };
		A700BB8F1EEB97B4003254B0 /* TweetCell.swift */ = {isa = PBXFileReference; fileEncoding = 4; lastKnownFileType = sourcecode.swift; path = TweetCell.swift; sourceTree = "<group>"; };
		A700BB911EEC0FF4003254B0 /* Tweet.swift */ = {isa = PBXFileReference; fileEncoding = 4; lastKnownFileType = sourcecode.swift; path = Tweet.swift; sourceTree = "<group>"; };
		A700BB981EED6CAF003254B0 /* AudioToolbox.framework */ = {isa = PBXFileReference; lastKnownFileType = wrapper.framework; name = AudioToolbox.framework; path = System/Library/Frameworks/AudioToolbox.framework; sourceTree = SDKROOT; };
		A700BB9A1EED6CC0003254B0 /* libsqlite3.tbd */ = {isa = PBXFileReference; lastKnownFileType = "sourcecode.text-based-dylib-definition"; name = libsqlite3.tbd; path = usr/lib/libsqlite3.tbd; sourceTree = SDKROOT; };
		A700BB9C1EED6CCB003254B0 /* libz.tbd */ = {isa = PBXFileReference; lastKnownFileType = "sourcecode.text-based-dylib-definition"; name = libz.tbd; path = usr/lib/libz.tbd; sourceTree = SDKROOT; };
		A700BB9E1EED6CD4003254B0 /* SystemConfiguration.framework */ = {isa = PBXFileReference; lastKnownFileType = wrapper.framework; name = SystemConfiguration.framework; path = System/Library/Frameworks/SystemConfiguration.framework; sourceTree = SDKROOT; };
		A700BBA01EED6CDC003254B0 /* StoreKit.framework */ = {isa = PBXFileReference; lastKnownFileType = wrapper.framework; name = StoreKit.framework; path = System/Library/Frameworks/StoreKit.framework; sourceTree = SDKROOT; };
		A700BBA21EED6CE3003254B0 /* Security.framework */ = {isa = PBXFileReference; lastKnownFileType = wrapper.framework; name = Security.framework; path = System/Library/Frameworks/Security.framework; sourceTree = SDKROOT; };
		A700BBA41EED6CEC003254B0 /* QuartzCore.framework */ = {isa = PBXFileReference; lastKnownFileType = wrapper.framework; name = QuartzCore.framework; path = System/Library/Frameworks/QuartzCore.framework; sourceTree = SDKROOT; };
		A700BBA61EED6CF3003254B0 /* CoreLocation.framework */ = {isa = PBXFileReference; lastKnownFileType = wrapper.framework; name = CoreLocation.framework; path = System/Library/Frameworks/CoreLocation.framework; sourceTree = SDKROOT; };
		A700BBA81EED6CFA003254B0 /* CoreGraphics.framework */ = {isa = PBXFileReference; lastKnownFileType = wrapper.framework; name = CoreGraphics.framework; path = System/Library/Frameworks/CoreGraphics.framework; sourceTree = SDKROOT; };
		A700BBAA1EED6D02003254B0 /* CFNetwork.framework */ = {isa = PBXFileReference; lastKnownFileType = wrapper.framework; name = CFNetwork.framework; path = System/Library/Frameworks/CFNetwork.framework; sourceTree = SDKROOT; };
		A708813F1EF6BC8200DCA947 /* SignInViewController.swift */ = {isa = PBXFileReference; fileEncoding = 4; lastKnownFileType = sourcecode.swift; path = SignInViewController.swift; sourceTree = "<group>"; };
		A70881411EF6BF3300DCA947 /* SignUpViewController.swift */ = {isa = PBXFileReference; fileEncoding = 4; lastKnownFileType = sourcecode.swift; path = SignUpViewController.swift; sourceTree = "<group>"; };
		A70881431EF6BF7600DCA947 /* ConfirmSignUpViewController.swift */ = {isa = PBXFileReference; fileEncoding = 4; lastKnownFileType = sourcecode.swift; path = ConfirmSignUpViewController.swift; sourceTree = "<group>"; };
		A70881451EF6BF8C00DCA947 /* Constants.swift */ = {isa = PBXFileReference; fileEncoding = 4; lastKnownFileType = sourcecode.swift; path = Constants.swift; sourceTree = "<group>"; };
		A70881471EFB5CFD00DCA947 /* DDBDynamoDBManger.swift */ = {isa = PBXFileReference; fileEncoding = 4; lastKnownFileType = sourcecode.swift; path = DDBDynamoDBManger.swift; sourceTree = "<group>"; };
		A70881491EFB5F0300DCA947 /* DDBMainTableViewController.swift */ = {isa = PBXFileReference; fileEncoding = 4; lastKnownFileType = sourcecode.swift; path = DDBMainTableViewController.swift; sourceTree = "<group>"; };
		A708814B1EFC5CCB00DCA947 /* DDBTableRow.swift */ = {isa = PBXFileReference; fileEncoding = 4; lastKnownFileType = sourcecode.swift; path = DDBTableRow.swift; sourceTree = "<group>"; };
		A70881501EFD4E0700DCA947 /* IdentityProvider.swift */ = {isa = PBXFileReference; fileEncoding = 4; lastKnownFileType = sourcecode.swift; path = IdentityProvider.swift; sourceTree = "<group>"; };
		A70881521EFE7E9700DCA947 /* DDBLoadingViewController.swift */ = {isa = PBXFileReference; fileEncoding = 4; lastKnownFileType = sourcecode.swift; path = DDBLoadingViewController.swift; sourceTree = "<group>"; };
		A70881AB1F05CB8D00DCA947 /* Service.swift */ = {isa = PBXFileReference; fileEncoding = 4; lastKnownFileType = sourcecode.swift; path = Service.swift; sourceTree = "<group>"; };
		A75DCAD81F19B64200ADE866 /* Prayer.swift */ = {isa = PBXFileReference; fileEncoding = 4; lastKnownFileType = sourcecode.swift; path = Prayer.swift; sourceTree = "<group>"; };
		A76CE9CF1F0A95F8001E58B8 /* MFAViewController.swift */ = {isa = PBXFileReference; fileEncoding = 4; lastKnownFileType = sourcecode.swift; path = MFAViewController.swift; sourceTree = "<group>"; };
		A76CE9D11F0A9625001E58B8 /* ForgotPasswordViewController.swift */ = {isa = PBXFileReference; fileEncoding = 4; lastKnownFileType = sourcecode.swift; path = ForgotPasswordViewController.swift; sourceTree = "<group>"; };
		A76CE9D31F0A963C001E58B8 /* ConfirmForgotPasswordViewController.swift */ = {isa = PBXFileReference; fileEncoding = 4; lastKnownFileType = sourcecode.swift; path = ConfirmForgotPasswordViewController.swift; sourceTree = "<group>"; };
		A76CE9D51F0BD16B001E58B8 /* DDBDetailViewController.swift */ = {isa = PBXFileReference; fileEncoding = 4; lastKnownFileType = sourcecode.swift; path = DDBDetailViewController.swift; sourceTree = "<group>"; };
		A76CE9D71F117F7B001E58B8 /* DBMainTableCell.swift */ = {isa = PBXFileReference; fileEncoding = 4; lastKnownFileType = sourcecode.swift; path = DBMainTableCell.swift; sourceTree = "<group>"; };
		A76CE9D91F1435D5001E58B8 /* PrayerViewController.swift */ = {isa = PBXFileReference; fileEncoding = 4; lastKnownFileType = sourcecode.swift; path = PrayerViewController.swift; sourceTree = "<group>"; };
		E75D2BDF06C3E4027262302A /* Pods_TheManna.framework */ = {isa = PBXFileReference; explicitFileType = wrapper.framework; includeInIndex = 0; path = Pods_TheManna.framework; sourceTree = BUILT_PRODUCTS_DIR; };
/* End PBXFileReference section */

/* Begin PBXFrameworksBuildPhase section */
		A700BB5D1EE07C1E003254B0 /* Frameworks */ = {
			isa = PBXFrameworksBuildPhase;
			buildActionMask = 2147483647;
			files = (
				A700BBAB1EED6D02003254B0 /* CFNetwork.framework in Frameworks */,
				A700BBA91EED6CFA003254B0 /* CoreGraphics.framework in Frameworks */,
				A700BBA71EED6CF3003254B0 /* CoreLocation.framework in Frameworks */,
				A700BBA51EED6CEC003254B0 /* QuartzCore.framework in Frameworks */,
				A700BBA31EED6CE3003254B0 /* Security.framework in Frameworks */,
				A700BBA11EED6CDC003254B0 /* StoreKit.framework in Frameworks */,
				A700BB9F1EED6CD4003254B0 /* SystemConfiguration.framework in Frameworks */,
				A700BB9D1EED6CCB003254B0 /* libz.tbd in Frameworks */,
				A700BB9B1EED6CC0003254B0 /* libsqlite3.tbd in Frameworks */,
				A700BB991EED6CAF003254B0 /* AudioToolbox.framework in Frameworks */,
				B0C838FA7C132831524DF2D4 /* Pods_TheManna.framework in Frameworks */,
			);
			runOnlyForDeploymentPostprocessing = 0;
		};
/* End PBXFrameworksBuildPhase section */

/* Begin PBXGroup section */
		21CA7E30CA16E82A6863EE2C /* Frameworks */ = {
			isa = PBXGroup;
			children = (
				A700BBAA1EED6D02003254B0 /* CFNetwork.framework */,
				A700BBA81EED6CFA003254B0 /* CoreGraphics.framework */,
				A700BBA61EED6CF3003254B0 /* CoreLocation.framework */,
				A700BBA41EED6CEC003254B0 /* QuartzCore.framework */,
				A700BBA21EED6CE3003254B0 /* Security.framework */,
				A700BBA01EED6CDC003254B0 /* StoreKit.framework */,
				A700BB9E1EED6CD4003254B0 /* SystemConfiguration.framework */,
				A700BB9C1EED6CCB003254B0 /* libz.tbd */,
				A700BB9A1EED6CC0003254B0 /* libsqlite3.tbd */,
				A700BB981EED6CAF003254B0 /* AudioToolbox.framework */,
				E75D2BDF06C3E4027262302A /* Pods_TheManna.framework */,
			);
			name = Frameworks;
			sourceTree = "<group>";
		};
		5DC62B4D4EE4EF5F144847B2 /* Pods */ = {
			isa = PBXGroup;
			children = (
				546ED8650F887C3615ED77EB /* Pods-TheManna.debug.xcconfig */,
				A6E4C0BE4F3019CA8410AC88 /* Pods-TheManna.release.xcconfig */,
			);
			name = Pods;
			sourceTree = "<group>";
		};
		A700BB571EE07C1E003254B0 = {
			isa = PBXGroup;
			children = (
				A70881AA1F05CB7900DCA947 /* Service */,
				A700BB621EE07C1E003254B0 /* TheManna */,
				A700BB611EE07C1E003254B0 /* Products */,
				5DC62B4D4EE4EF5F144847B2 /* Pods */,
				21CA7E30CA16E82A6863EE2C /* Frameworks */,
			);
			sourceTree = "<group>";
		};
		A700BB611EE07C1E003254B0 /* Products */ = {
			isa = PBXGroup;
			children = (
				A700BB601EE07C1E003254B0 /* TheManna.app */,
			);
			name = Products;
			sourceTree = "<group>";
		};
		A700BB621EE07C1E003254B0 /* TheManna */ = {
			isa = PBXGroup;
			children = (
				A708813E1EF6BC7100DCA947 /* AWS */,
				A700BB7E1EE0F2D2003254B0 /* View */,
				A700BB7D1EE0F2CF003254B0 /* Model */,
				A700BB7C1EE0F2CA003254B0 /* Controller */,
				A700BB631EE07C1E003254B0 /* AppDelegate.swift */,
				A700BB871EE43AFC003254B0 /* Assets.xcassets */,
				A700BB781EE0809C003254B0 /* RootViewController.swift */,
				A700BB6F1EE07C1E003254B0 /* LaunchScreen.storyboard */,
				A700BB721EE07C1E003254B0 /* Info.plist */,
				A700BB6A1EE07C1E003254B0 /* TheManna.xcdatamodeld */,
			);
			path = TheManna;
			sourceTree = "<group>";
		};
		A700BB7C1EE0F2CA003254B0 /* Controller */ = {
			isa = PBXGroup;
			children = (
				A700BB7A1EE0E7FA003254B0 /* HomeDatasourceController.swift */,
				A700BB891EE43FF2003254B0 /* HomeDatasourceController+navbar.swift */,
				A76CE9D91F1435D5001E58B8 /* PrayerViewController.swift */,
			);
			name = Controller;
			sourceTree = "<group>";
		};
		A700BB7D1EE0F2CF003254B0 /* Model */ = {
			isa = PBXGroup;
			children = (
				A700BB811EE0F318003254B0 /* HomeDatasource.swift */,
				A700BB831EE35871003254B0 /* User.swift */,
				A700BB911EEC0FF4003254B0 /* Tweet.swift */,
				A75DCAD81F19B64200ADE866 /* Prayer.swift */,
			);
			name = Model;
			sourceTree = "<group>";
		};
		A700BB7E1EE0F2D2003254B0 /* View */ = {
			isa = PBXGroup;
			children = (
				A700BB7F1EE0F2FA003254B0 /* UserHeaderFooter.swift */,
				A700BB851EE361D9003254B0 /* UserCell.swift */,
				A700BB8F1EEB97B4003254B0 /* TweetCell.swift */,
			);
			name = View;
			sourceTree = "<group>";
		};
		A708813E1EF6BC7100DCA947 /* AWS */ = {
			isa = PBXGroup;
			children = (
				A708814F1EFD3B7300DCA947 /* S3 */,
				A708814E1EFD3B5900DCA947 /* Cognito */,
				A708814D1EFD3B4300DCA947 /* DynamoDB */,
				A70881451EF6BF8C00DCA947 /* Constants.swift */,
			);
			name = AWS;
			sourceTree = "<group>";
		};
		A708814D1EFD3B4300DCA947 /* DynamoDB */ = {
			isa = PBXGroup;
			children = (
				A70881471EFB5CFD00DCA947 /* DDBDynamoDBManger.swift */,
				A70881491EFB5F0300DCA947 /* DDBMainTableViewController.swift */,
				A76CE9D71F117F7B001E58B8 /* DBMainTableCell.swift */,
				A76CE9D51F0BD16B001E58B8 /* DDBDetailViewController.swift */,
				A708814B1EFC5CCB00DCA947 /* DDBTableRow.swift */,
				A70881521EFE7E9700DCA947 /* DDBLoadingViewController.swift */,
			);
			name = DynamoDB;
			sourceTree = "<group>";
		};
		A708814E1EFD3B5900DCA947 /* Cognito */ = {
			isa = PBXGroup;
			children = (
				A70881501EFD4E0700DCA947 /* IdentityProvider.swift */,
				A708813F1EF6BC8200DCA947 /* SignInViewController.swift */,
				A70881411EF6BF3300DCA947 /* SignUpViewController.swift */,
				A70881431EF6BF7600DCA947 /* ConfirmSignUpViewController.swift */,
				A76CE9D11F0A9625001E58B8 /* ForgotPasswordViewController.swift */,
				A76CE9D31F0A963C001E58B8 /* ConfirmForgotPasswordViewController.swift */,
				A76CE9CF1F0A95F8001E58B8 /* MFAViewController.swift */,
			);
			name = Cognito;
			sourceTree = "<group>";
		};
		A708814F1EFD3B7300DCA947 /* S3 */ = {
			isa = PBXGroup;
			children = (
			);
			name = S3;
			sourceTree = "<group>";
		};
		A70881AA1F05CB7900DCA947 /* Service */ = {
			isa = PBXGroup;
			children = (
				A70881AB1F05CB8D00DCA947 /* Service.swift */,
			);
			name = Service;
			sourceTree = "<group>";
		};
/* End PBXGroup section */

/* Begin PBXNativeTarget section */
		A700BB5F1EE07C1E003254B0 /* TheManna */ = {
			isa = PBXNativeTarget;
			buildConfigurationList = A700BB751EE07C1E003254B0 /* Build configuration list for PBXNativeTarget "TheManna" */;
			buildPhases = (
				CE63635AF109D4C7E467E48D /* [CP] Check Pods Manifest.lock */,
				A700BB5C1EE07C1E003254B0 /* Sources */,
				A700BB5D1EE07C1E003254B0 /* Frameworks */,
				A700BB5E1EE07C1E003254B0 /* Resources */,
				67B1AD8ABCB69A1072CDC723 /* [CP] Embed Pods Frameworks */,
				66C1A614A27221B7158E0B7D /* [CP] Copy Pods Resources */,
			);
			buildRules = (
			);
			dependencies = (
			);
			name = TheManna;
			productName = TheManna;
			productReference = A700BB601EE07C1E003254B0 /* TheManna.app */;
			productType = "com.apple.product-type.application";
		};
/* End PBXNativeTarget section */

/* Begin PBXProject section */
		A700BB581EE07C1E003254B0 /* Project object */ = {
			isa = PBXProject;
			attributes = {
				LastSwiftUpdateCheck = 0830;
				LastUpgradeCheck = 0830;
				ORGANIZATIONNAME = "Sean Zhang";
				TargetAttributes = {
					A700BB5F1EE07C1E003254B0 = {
						CreatedOnToolsVersion = 8.3.2;
						DevelopmentTeam = GDTG5SQZRN;
						ProvisioningStyle = Automatic;
					};
				};
			};
			buildConfigurationList = A700BB5B1EE07C1E003254B0 /* Build configuration list for PBXProject "TheManna" */;
			compatibilityVersion = "Xcode 3.2";
			developmentRegion = English;
			hasScannedForEncodings = 0;
			knownRegions = (
				en,
				Base,
			);
			mainGroup = A700BB571EE07C1E003254B0;
			productRefGroup = A700BB611EE07C1E003254B0 /* Products */;
			projectDirPath = "";
			projectRoot = "";
			targets = (
				A700BB5F1EE07C1E003254B0 /* TheManna */,
			);
		};
/* End PBXProject section */

/* Begin PBXResourcesBuildPhase section */
		A700BB5E1EE07C1E003254B0 /* Resources */ = {
			isa = PBXResourcesBuildPhase;
			buildActionMask = 2147483647;
			files = (
				A700BB881EE43AFC003254B0 /* Assets.xcassets in Resources */,
				A700BB711EE07C1E003254B0 /* LaunchScreen.storyboard in Resources */,
			);
			runOnlyForDeploymentPostprocessing = 0;
		};
/* End PBXResourcesBuildPhase section */

/* Begin PBXShellScriptBuildPhase section */
		66C1A614A27221B7158E0B7D /* [CP] Copy Pods Resources */ = {
			isa = PBXShellScriptBuildPhase;
			buildActionMask = 2147483647;
			files = (
			);
			inputPaths = (
			);
			name = "[CP] Copy Pods Resources";
			outputPaths = (
			);
			runOnlyForDeploymentPostprocessing = 0;
			shellPath = /bin/sh;
			shellScript = "\"${SRCROOT}/Pods/Target Support Files/Pods-TheManna/Pods-TheManna-resources.sh\"\n";
			showEnvVarsInLog = 0;
		};
		67B1AD8ABCB69A1072CDC723 /* [CP] Embed Pods Frameworks */ = {
			isa = PBXShellScriptBuildPhase;
			buildActionMask = 2147483647;
			files = (
			);
			inputPaths = (
			);
			name = "[CP] Embed Pods Frameworks";
			outputPaths = (
			);
			runOnlyForDeploymentPostprocessing = 0;
			shellPath = /bin/sh;
			shellScript = "\"${SRCROOT}/Pods/Target Support Files/Pods-TheManna/Pods-TheManna-frameworks.sh\"\n";
			showEnvVarsInLog = 0;
		};
		CE63635AF109D4C7E467E48D /* [CP] Check Pods Manifest.lock */ = {
			isa = PBXShellScriptBuildPhase;
			buildActionMask = 2147483647;
			files = (
			);
			inputPaths = (
			);
			name = "[CP] Check Pods Manifest.lock";
			outputPaths = (
			);
			runOnlyForDeploymentPostprocessing = 0;
			shellPath = /bin/sh;
			shellScript = "diff \"${PODS_PODFILE_DIR_PATH}/Podfile.lock\" \"${PODS_ROOT}/Manifest.lock\" > /dev/null\nif [ $? != 0 ] ; then\n    # print error to STDERR\n    echo \"error: The sandbox is not in sync with the Podfile.lock. Run 'pod install' or update your CocoaPods installation.\" >&2\n    exit 1\nfi\n";
			showEnvVarsInLog = 0;
		};
/* End PBXShellScriptBuildPhase section */

/* Begin PBXSourcesBuildPhase section */
		A700BB5C1EE07C1E003254B0 /* Sources */ = {
			isa = PBXSourcesBuildPhase;
			buildActionMask = 2147483647;
			files = (
				A700BB8A1EE43FF2003254B0 /* HomeDatasourceController+navbar.swift in Sources */,
				A76CE9D81F117F7B001E58B8 /* DBMainTableCell.swift in Sources */,
				A76CE9D21F0A9625001E58B8 /* ForgotPasswordViewController.swift in Sources */,
				A70881441EF6BF7600DCA947 /* ConfirmSignUpViewController.swift in Sources */,
				A700BB861EE361D9003254B0 /* UserCell.swift in Sources */,
				A700BB6C1EE07C1E003254B0 /* TheManna.xcdatamodeld in Sources */,
				A75DCAD91F19B64200ADE866 /* Prayer.swift in Sources */,
				A76CE9DA1F1435D5001E58B8 /* PrayerViewController.swift in Sources */,
				A708814C1EFC5CCB00DCA947 /* DDBTableRow.swift in Sources */,
				A70881481EFB5CFD00DCA947 /* DDBDynamoDBManger.swift in Sources */,
				A700BB7B1EE0E7FA003254B0 /* HomeDatasourceController.swift in Sources */,
				A70881461EF6BF8C00DCA947 /* Constants.swift in Sources */,
				A70881AC1F05CB8D00DCA947 /* Service.swift in Sources */,
				A700BB791EE0809C003254B0 /* RootViewController.swift in Sources */,
				A700BB821EE0F318003254B0 /* HomeDatasource.swift in Sources */,
				A700BB641EE07C1E003254B0 /* AppDelegate.swift in Sources */,
				A700BB901EEB97B4003254B0 /* TweetCell.swift in Sources */,
				A70881401EF6BC8200DCA947 /* SignInViewController.swift in Sources */,
				A700BB801EE0F2FA003254B0 /* UserHeaderFooter.swift in Sources */,
				A70881531EFE7E9700DCA947 /* DDBLoadingViewController.swift in Sources */,
				A70881511EFD4E0700DCA947 /* IdentityProvider.swift in Sources */,
				A76CE9D01F0A95F8001E58B8 /* MFAViewController.swift in Sources */,
				A700BB841EE35871003254B0 /* User.swift in Sources */,
				A76CE9D61F0BD16B001E58B8 /* DDBDetailViewController.swift in Sources */,
				A708814A1EFB5F0300DCA947 /* DDBMainTableViewController.swift in Sources */,
				A76CE9D41F0A963C001E58B8 /* ConfirmForgotPasswordViewController.swift in Sources */,
				A70881421EF6BF3300DCA947 /* SignUpViewController.swift in Sources */,
				A700BB921EEC0FF4003254B0 /* Tweet.swift in Sources */,
			);
			runOnlyForDeploymentPostprocessing = 0;
		};
/* End PBXSourcesBuildPhase section */

/* Begin PBXVariantGroup section */
		A700BB6F1EE07C1E003254B0 /* LaunchScreen.storyboard */ = {
			isa = PBXVariantGroup;
			children = (
				A700BB701EE07C1E003254B0 /* Base */,
			);
			name = LaunchScreen.storyboard;
			sourceTree = "<group>";
		};
/* End PBXVariantGroup section */

/* Begin XCBuildConfiguration section */
		A700BB731EE07C1E003254B0 /* Debug */ = {
			isa = XCBuildConfiguration;
			buildSettings = {
				ALWAYS_SEARCH_USER_PATHS = NO;
				CLANG_ANALYZER_NONNULL = YES;
				CLANG_ANALYZER_NUMBER_OBJECT_CONVERSION = YES_AGGRESSIVE;
				CLANG_CXX_LANGUAGE_STANDARD = "gnu++0x";
				CLANG_CXX_LIBRARY = "libc++";
				CLANG_ENABLE_MODULES = YES;
				CLANG_ENABLE_OBJC_ARC = YES;
				CLANG_WARN_BOOL_CONVERSION = YES;
				CLANG_WARN_CONSTANT_CONVERSION = YES;
				CLANG_WARN_DIRECT_OBJC_ISA_USAGE = YES_ERROR;
				CLANG_WARN_DOCUMENTATION_COMMENTS = YES;
				CLANG_WARN_EMPTY_BODY = YES;
				CLANG_WARN_ENUM_CONVERSION = YES;
				CLANG_WARN_INFINITE_RECURSION = YES;
				CLANG_WARN_INT_CONVERSION = YES;
				CLANG_WARN_OBJC_ROOT_CLASS = YES_ERROR;
				CLANG_WARN_SUSPICIOUS_MOVE = YES;
				CLANG_WARN_UNREACHABLE_CODE = YES;
				CLANG_WARN__DUPLICATE_METHOD_MATCH = YES;
				"CODE_SIGN_IDENTITY[sdk=iphoneos*]" = "iPhone Developer";
				COPY_PHASE_STRIP = NO;
				DEBUG_INFORMATION_FORMAT = dwarf;
				ENABLE_STRICT_OBJC_MSGSEND = YES;
				ENABLE_TESTABILITY = YES;
				GCC_C_LANGUAGE_STANDARD = gnu99;
				GCC_DYNAMIC_NO_PIC = NO;
				GCC_NO_COMMON_BLOCKS = YES;
				GCC_OPTIMIZATION_LEVEL = 0;
				GCC_PREPROCESSOR_DEFINITIONS = (
					"DEBUG=1",
					"$(inherited)",
				);
				GCC_WARN_64_TO_32_BIT_CONVERSION = YES;
				GCC_WARN_ABOUT_RETURN_TYPE = YES_ERROR;
				GCC_WARN_UNDECLARED_SELECTOR = YES;
				GCC_WARN_UNINITIALIZED_AUTOS = YES_AGGRESSIVE;
				GCC_WARN_UNUSED_FUNCTION = YES;
				GCC_WARN_UNUSED_VARIABLE = YES;
				IPHONEOS_DEPLOYMENT_TARGET = 10.3;
				MTL_ENABLE_DEBUG_INFO = YES;
				ONLY_ACTIVE_ARCH = YES;
				SDKROOT = iphoneos;
				SWIFT_ACTIVE_COMPILATION_CONDITIONS = DEBUG;
				SWIFT_OPTIMIZATION_LEVEL = "-Onone";
			};
			name = Debug;
		};
		A700BB741EE07C1E003254B0 /* Release */ = {
			isa = XCBuildConfiguration;
			buildSettings = {
				ALWAYS_SEARCH_USER_PATHS = NO;
				CLANG_ANALYZER_NONNULL = YES;
				CLANG_ANALYZER_NUMBER_OBJECT_CONVERSION = YES_AGGRESSIVE;
				CLANG_CXX_LANGUAGE_STANDARD = "gnu++0x";
				CLANG_CXX_LIBRARY = "libc++";
				CLANG_ENABLE_MODULES = YES;
				CLANG_ENABLE_OBJC_ARC = YES;
				CLANG_WARN_BOOL_CONVERSION = YES;
				CLANG_WARN_CONSTANT_CONVERSION = YES;
				CLANG_WARN_DIRECT_OBJC_ISA_USAGE = YES_ERROR;
				CLANG_WARN_DOCUMENTATION_COMMENTS = YES;
				CLANG_WARN_EMPTY_BODY = YES;
				CLANG_WARN_ENUM_CONVERSION = YES;
				CLANG_WARN_INFINITE_RECURSION = YES;
				CLANG_WARN_INT_CONVERSION = YES;
				CLANG_WARN_OBJC_ROOT_CLASS = YES_ERROR;
				CLANG_WARN_SUSPICIOUS_MOVE = YES;
				CLANG_WARN_UNREACHABLE_CODE = YES;
				CLANG_WARN__DUPLICATE_METHOD_MATCH = YES;
				"CODE_SIGN_IDENTITY[sdk=iphoneos*]" = "iPhone Developer";
				COPY_PHASE_STRIP = NO;
				DEBUG_INFORMATION_FORMAT = "dwarf-with-dsym";
				ENABLE_NS_ASSERTIONS = NO;
				ENABLE_STRICT_OBJC_MSGSEND = YES;
				GCC_C_LANGUAGE_STANDARD = gnu99;
				GCC_NO_COMMON_BLOCKS = YES;
				GCC_WARN_64_TO_32_BIT_CONVERSION = YES;
				GCC_WARN_ABOUT_RETURN_TYPE = YES_ERROR;
				GCC_WARN_UNDECLARED_SELECTOR = YES;
				GCC_WARN_UNINITIALIZED_AUTOS = YES_AGGRESSIVE;
				GCC_WARN_UNUSED_FUNCTION = YES;
				GCC_WARN_UNUSED_VARIABLE = YES;
				IPHONEOS_DEPLOYMENT_TARGET = 10.3;
				MTL_ENABLE_DEBUG_INFO = NO;
				SDKROOT = iphoneos;
				SWIFT_OPTIMIZATION_LEVEL = "-Owholemodule";
				VALIDATE_PRODUCT = YES;
			};
			name = Release;
		};
		A700BB761EE07C1E003254B0 /* Debug */ = {
			isa = XCBuildConfiguration;
			baseConfigurationReference = 546ED8650F887C3615ED77EB /* Pods-TheManna.debug.xcconfig */;
			buildSettings = {
				ASSETCATALOG_COMPILER_APPICON_NAME = AppIcon;
				DEVELOPMENT_TEAM = GDTG5SQZRN;
				FRAMEWORK_SEARCH_PATHS = (
					"$(inherited)",
					"$(PROJECT_DIR)",
				);
				INFOPLIST_FILE = TheManna/Info.plist;
				LD_RUNPATH_SEARCH_PATHS = "$(inherited) @executable_path/Frameworks";
				PRODUCT_BUNDLE_IDENTIFIER = sz7218.TheManna;
				PRODUCT_NAME = "$(TARGET_NAME)";
				SWIFT_VERSION = 3.0;
			};
			name = Debug;
		};
		A700BB771EE07C1E003254B0 /* Release */ = {
			isa = XCBuildConfiguration;
			baseConfigurationReference = A6E4C0BE4F3019CA8410AC88 /* Pods-TheManna.release.xcconfig */;
			buildSettings = {
				ASSETCATALOG_COMPILER_APPICON_NAME = AppIcon;
				DEVELOPMENT_TEAM = GDTG5SQZRN;
				FRAMEWORK_SEARCH_PATHS = (
					"$(inherited)",
					"$(PROJECT_DIR)",
				);
				INFOPLIST_FILE = TheManna/Info.plist;
				LD_RUNPATH_SEARCH_PATHS = "$(inherited) @executable_path/Frameworks";
				PRODUCT_BUNDLE_IDENTIFIER = sz7218.TheManna;
				PRODUCT_NAME = "$(TARGET_NAME)";
				SWIFT_VERSION = 3.0;
			};
			name = Release;
		};
/* End XCBuildConfiguration section */

/* Begin XCConfigurationList section */
		A700BB5B1EE07C1E003254B0 /* Build configuration list for PBXProject "TheManna" */ = {
			isa = XCConfigurationList;
			buildConfigurations = (
				A700BB731EE07C1E003254B0 /* Debug */,
				A700BB741EE07C1E003254B0 /* Release */,
			);
			defaultConfigurationIsVisible = 0;
			defaultConfigurationName = Release;
		};
		A700BB751EE07C1E003254B0 /* Build configuration list for PBXNativeTarget "TheManna" */ = {
			isa = XCConfigurationList;
			buildConfigurations = (
				A700BB761EE07C1E003254B0 /* Debug */,
				A700BB771EE07C1E003254B0 /* Release */,
			);
			defaultConfigurationIsVisible = 0;
			defaultConfigurationName = Release;
		};
/* End XCConfigurationList section */

/* Begin XCVersionGroup section */
		A700BB6A1EE07C1E003254B0 /* TheManna.xcdatamodeld */ = {
			isa = XCVersionGroup;
			children = (
				A700BB6B1EE07C1E003254B0 /* TheManna.xcdatamodel */,
			);
			currentVersion = A700BB6B1EE07C1E003254B0 /* TheManna.xcdatamodel */;
			path = TheManna.xcdatamodeld;
			sourceTree = "<group>";
			versionGroupType = wrapper.xcdatamodel;
		};
/* End XCVersionGroup section */
	};
	rootObject = A700BB581EE07C1E003254B0 /* Project object */;
}
